
Microsoft Visual Studio Solution File, Format Version 12.00
# Visual Studio Version 17
VisualStudioVersion = 17.7.34031.279
MinimumVisualStudioVersion = 10.0.40219.1
Project("{FAE04EC0-301F-11D3-BF4B-00C04F79EFBC}") = "Practos3", "Practos3\Practos3.csproj", "{977A8726-12DE-42FD-A137-82DFB6BABC71}"
EndProject
Global
	GlobalSection(SolutionConfigurationPlatforms) = preSolution
		Debug|Any CPU = Debug|Any CPU
		Release|Any CPU = Release|Any CPU
	EndGlobalSection
	GlobalSection(ProjectConfigurationPlatforms) = postSolution
		{977A8726-12DE-42FD-A137-82DFB6BABC71}.Debug|Any CPU.ActiveCfg = Debug|Any CPU
		{977A8726-12DE-42FD-A137-82DFB6BABC71}.Debug|Any CPU.Build.0 = Debug|Any CPU
		{977A8726-12DE-42FD-A137-82DFB6BABC71}.Release|Any CPU.ActiveCfg = Release|Any CPU
		{977A8726-12DE-42FD-A137-82DFB6BABC71}.Release|Any CPU.Build.0 = Release|Any CPU
	EndGlobalSection
	GlobalSection(SolutionProperties) = preSolution
		HideSolutionNode = FALSE
	EndGlobalSection
	GlobalSection(ExtensibilityGlobals) = postSolution
		SolutionGuid = {96CC5CD2-24D2-4FC1-AE6A-0391BFFF7C48}
	EndGlobalSection
EndGlobal
